PODS:
  - AFNetworking (3.1.0):
    - AFNetworking/NSURLSession (= 3.1.0)
    - AFNetworking/Reachability (= 3.1.0)
    - AFNetworking/Security (= 3.1.0)
    - AFNetworking/Serialization (= 3.1.0)
    - AFNetworking/UIKit (= 3.1.0)
  - AFNetworking/NSURLSession (3.1.0):
    - AFNetworking/Reachability
    - AFNetworking/Security
    - AFNetworking/Serialization
  - AFNetworking/Reachability (3.1.0)
  - AFNetworking/Security (3.1.0)
  - AFNetworking/Serialization (3.1.0)
  - AFNetworking/UIKit (3.1.0):
    - AFNetworking/NSURLSession
  - Expecta (1.0.5)
  - InAppSettingsKit (2.8)
  - JBChartView (3.0.12)
  - Pixpie (0.3.5):
    - AFNetworking (~> 3.0)
    - WebP (~> 0.5.0)
  - PXStatusView (0.1.5):
    - JBChartView
  - Specta (1.0.5)
  - WebP (0.5.0)

DEPENDENCIES:
  - Expecta
  - InAppSettingsKit
  - Pixpie (from `../`)
  - PXStatusView
  - Specta

EXTERNAL SOURCES:
  Pixpie:
    :path: "../"

SPEC CHECKSUMS:
  AFNetworking: 5e0e199f73d8626b11e79750991f5d173d1f8b67
  Expecta: e1c022fcd33910b6be89c291d2775b3fe27a89fe
  InAppSettingsKit: fe3e73f8f9530cdd6270065cd7df7b3773f557e6
  JBChartView: 08877554448ccf99c12625ad0ebce70588ff8318
  Pixpie: 1d12a0cf7bd39c51d54f05f39938a41137d84313
  PXStatusView: 50db7b1c93bc55ee2e1122bd09d990d2d83434b6
  Specta: ac94d110b865115fe60ff2c6d7281053c6f8e8a2
  WebP: e2e30d70bfc7a6f6567861225e8f189abd55ccd0

PODFILE CHECKSUM: 879aad858d3c01fc079cfa3ea835cb91636ca28e

COCOAPODS: 1.2.0.beta.1
