// !$*UTF8*$!
{
	archiveVersion = 1;
	classes = {
	};
	objectVersion = 46;
	objects = {

/* Begin PBXAggregateTarget section */
		0AF1E7371CB7FEFC004B24F1 /* Pixpie-Universal */ = {
			isa = PBXAggregateTarget;
			buildConfigurationList = 0AF1E7381CB7FEFC004B24F1 /* Build configuration list for PBXAggregateTarget "Pixpie-Universal" */;
			buildPhases = (
				0AF1E73B1CB7FF8A004B24F1 /* ShellScript */,
			);
			dependencies = (
			);
			name = "Pixpie-Universal";
			productName = "Pixpie-Universal";
		};
/* End PBXAggregateTarget section */

/* Begin PBXBuildFile section */
		0A11CA111D8E0B2D009ADDF8 /* Pixpie.h in Headers */ = {isa = PBXBuildFile; fileRef = 0A11CA101D8E0B2D009ADDF8 /* Pixpie.h */; settings = {ATTRIBUTES = (Public, ); }; };
		0A11CA141D8E0B3A009ADDF8 /* PXPAutomaticTransform.h in Headers */ = {isa = PBXBuildFile; fileRef = 0A11CA121D8E0B3A009ADDF8 /* PXPAutomaticTransform.h */; settings = {ATTRIBUTES = (Public, ); }; };
		0A11CA151D8E0B3A009ADDF8 /* PXPAutomaticTransform.m in Sources */ = {isa = PBXBuildFile; fileRef = 0A11CA131D8E0B3A009ADDF8 /* PXPAutomaticTransform.m */; };
		0A11CA181D8E0B7B009ADDF8 /* PXPQueueManager.h in Headers */ = {isa = PBXBuildFile; fileRef = 0A11CA161D8E0B7B009ADDF8 /* PXPQueueManager.h */; };
		0A11CA191D8E0B7B009ADDF8 /* PXPQueueManager.m in Sources */ = {isa = PBXBuildFile; fileRef = 0A11CA171D8E0B7B009ADDF8 /* PXPQueueManager.m */; };
		0A4B43D91CB819E8003C372C /* Pixpie-umbrella.h in Headers */ = {isa = PBXBuildFile; fileRef = 0A4B43D81CB819E8003C372C /* Pixpie-umbrella.h */; settings = {ATTRIBUTES = (Public, ); }; };
		0A4B43DF1CB81F6C003C372C /* module.modulemap in CopyFiles */ = {isa = PBXBuildFile; fileRef = 0A4B43D71CB8198D003C372C /* module.modulemap */; };
		0A7675D71D5B8C69008AF835 /* PXPURLSessionDemux.h in Headers */ = {isa = PBXBuildFile; fileRef = 0A7675D51D5B8C69008AF835 /* PXPURLSessionDemux.h */; };
		0A7675D81D5B8C69008AF835 /* PXPURLSessionDemux.m in Sources */ = {isa = PBXBuildFile; fileRef = 0A7675D61D5B8C69008AF835 /* PXPURLSessionDemux.m */; };
		0A7675DD1D5B8C74008AF835 /* CacheStoragePolicy.h in Headers */ = {isa = PBXBuildFile; fileRef = 0A7675D91D5B8C74008AF835 /* CacheStoragePolicy.h */; };
		0A7675DE1D5B8C74008AF835 /* CacheStoragePolicy.m in Sources */ = {isa = PBXBuildFile; fileRef = 0A7675DA1D5B8C74008AF835 /* CacheStoragePolicy.m */; };
		0A7675DF1D5B8C74008AF835 /* CanonicalRequest.h in Headers */ = {isa = PBXBuildFile; fileRef = 0A7675DB1D5B8C74008AF835 /* CanonicalRequest.h */; };
		0A7675E01D5B8C74008AF835 /* CanonicalRequest.m in Sources */ = {isa = PBXBuildFile; fileRef = 0A7675DC1D5B8C74008AF835 /* CanonicalRequest.m */; };
		0A7A21561D46417D004B959B /* PXPURLProtocol.h in Headers */ = {isa = PBXBuildFile; fileRef = 0A7A21541D46417D004B959B /* PXPURLProtocol.h */; };
		0A7A21571D46417D004B959B /* PXPURLProtocol.m in Sources */ = {isa = PBXBuildFile; fileRef = 0A7A21551D46417D004B959B /* PXPURLProtocol.m */; };
		0A7A215A1D4641A4004B959B /* PXPDataMonitor.h in Headers */ = {isa = PBXBuildFile; fileRef = 0A7A21581D4641A4004B959B /* PXPDataMonitor.h */; };
		0A7A215B1D4641A4004B959B /* PXPDataMonitor.m in Sources */ = {isa = PBXBuildFile; fileRef = 0A7A21591D4641A4004B959B /* PXPDataMonitor.m */; };
		0A7A215E1D464628004B959B /* PXPTrafficMonitor.h in Headers */ = {isa = PBXBuildFile; fileRef = 0A7A215C1D464628004B959B /* PXPTrafficMonitor.h */; settings = {ATTRIBUTES = (Public, ); }; };
		0A7A215F1D464628004B959B /* PXPTrafficMonitor.m in Sources */ = {isa = PBXBuildFile; fileRef = 0A7A215D1D464628004B959B /* PXPTrafficMonitor.m */; };
		0A812AFA1CBEC1DF00879F9A /* AFHTTPSessionOperation.h in Headers */ = {isa = PBXBuildFile; fileRef = 0A812AF41CBEC1DF00879F9A /* AFHTTPSessionOperation.h */; settings = {ATTRIBUTES = (Public, ); }; };
		0A812AFB1CBEC1DF00879F9A /* AFHTTPSessionOperation.m in Sources */ = {isa = PBXBuildFile; fileRef = 0A812AF51CBEC1DF00879F9A /* AFHTTPSessionOperation.m */; };
		0A812AFC1CBEC1DF00879F9A /* AFURLSessionOperation.h in Headers */ = {isa = PBXBuildFile; fileRef = 0A812AF61CBEC1DF00879F9A /* AFURLSessionOperation.h */; };
		0A812AFD1CBEC1DF00879F9A /* AFURLSessionOperation.m in Sources */ = {isa = PBXBuildFile; fileRef = 0A812AF71CBEC1DF00879F9A /* AFURLSessionOperation.m */; };
		0A812AFE1CBEC1DF00879F9A /* PXPAsynchronousOperation.h in Headers */ = {isa = PBXBuildFile; fileRef = 0A812AF81CBEC1DF00879F9A /* PXPAsynchronousOperation.h */; settings = {ATTRIBUTES = (Public, ); }; };
		0A812AFF1CBEC1DF00879F9A /* PXPAsynchronousOperation.m in Sources */ = {isa = PBXBuildFile; fileRef = 0A812AF91CBEC1DF00879F9A /* PXPAsynchronousOperation.m */; };
		0A9AE5FF1CCE2425009E9120 /* PXPAPITask.h in Headers */ = {isa = PBXBuildFile; fileRef = 0A9AE5FD1CCE2425009E9120 /* PXPAPITask.h */; };
		0A9AE6001CCE2425009E9120 /* PXPAPITask.m in Sources */ = {isa = PBXBuildFile; fileRef = 0A9AE5FE1CCE2425009E9120 /* PXPAPITask.m */; };
		0AB0F2F41D904A6900AB7FE9 /* PXPImageRequestWrapper.h in Headers */ = {isa = PBXBuildFile; fileRef = 0AB0F2F21D904A6900AB7FE9 /* PXPImageRequestWrapper.h */; settings = {ATTRIBUTES = (Public, ); }; };
		0AB0F2F51D904A6900AB7FE9 /* PXPImageRequestWrapper.m in Sources */ = {isa = PBXBuildFile; fileRef = 0AB0F2F31D904A6900AB7FE9 /* PXPImageRequestWrapper.m */; };
		0AB0F2FD1D904C8B00AB7FE9 /* PXPTrafficMonitor_Internal.h in Headers */ = {isa = PBXBuildFile; fileRef = 0AB0F2FC1D904C8B00AB7FE9 /* PXPTrafficMonitor_Internal.h */; };
		0AC063471CC160FE006BAB18 /* NSOperationQueue+PXPExtensions.h in Headers */ = {isa = PBXBuildFile; fileRef = 0AC063451CC160FE006BAB18 /* NSOperationQueue+PXPExtensions.h */; };
		0AC063481CC160FE006BAB18 /* NSOperationQueue+PXPExtensions.m in Sources */ = {isa = PBXBuildFile; fileRef = 0AC063461CC160FE006BAB18 /* NSOperationQueue+PXPExtensions.m */; };
		0AF1E7001CB7FBF1004B24F1 /* PXPAccountInfo.h in Headers */ = {isa = PBXBuildFile; fileRef = 0AF1E6BF1CB7FBF1004B24F1 /* PXPAccountInfo.h */; };
		0AF1E7011CB7FBF1004B24F1 /* PXPAccountInfo.m in Sources */ = {isa = PBXBuildFile; fileRef = 0AF1E6C01CB7FBF1004B24F1 /* PXPAccountInfo.m */; };
		0AF1E7021CB7FBF1004B24F1 /* PXPAuthManager.h in Headers */ = {isa = PBXBuildFile; fileRef = 0AF1E6C11CB7FBF1004B24F1 /* PXPAuthManager.h */; };
		0AF1E7031CB7FBF1004B24F1 /* PXPAuthManager.m in Sources */ = {isa = PBXBuildFile; fileRef = 0AF1E6C21CB7FBF1004B24F1 /* PXPAuthManager.m */; };
		0AF1E7041CB7FBF1004B24F1 /* PXPAuthPrincipal.h in Headers */ = {isa = PBXBuildFile; fileRef = 0AF1E6C31CB7FBF1004B24F1 /* PXPAuthPrincipal.h */; };
		0AF1E7051CB7FBF1004B24F1 /* PXPAuthPrincipal.m in Sources */ = {isa = PBXBuildFile; fileRef = 0AF1E6C41CB7FBF1004B24F1 /* PXPAuthPrincipal.m */; };
		0AF1E7061CB7FBF1004B24F1 /* PXPAuthRequestWrapper.h in Headers */ = {isa = PBXBuildFile; fileRef = 0AF1E6C51CB7FBF1004B24F1 /* PXPAuthRequestWrapper.h */; };
		0AF1E7071CB7FBF1004B24F1 /* PXPAuthRequestWrapper.m in Sources */ = {isa = PBXBuildFile; fileRef = 0AF1E6C61CB7FBF1004B24F1 /* PXPAuthRequestWrapper.m */; };
		0AF1E70A1CB7FBF1004B24F1 /* PXPWebPResponseSerializer.h in Headers */ = {isa = PBXBuildFile; fileRef = 0AF1E6CA1CB7FBF1004B24F1 /* PXPWebPResponseSerializer.h */; };
		0AF1E70B1CB7FBF1004B24F1 /* PXPWebPResponseSerializer.m in Sources */ = {isa = PBXBuildFile; fileRef = 0AF1E6CB1CB7FBF1004B24F1 /* PXPWebPResponseSerializer.m */; };
		0AF1E70C1CB7FBF1004B24F1 /* NSObject+SafeKVC.h in Headers */ = {isa = PBXBuildFile; fileRef = 0AF1E6CE1CB7FBF1004B24F1 /* NSObject+SafeKVC.h */; };
		0AF1E70D1CB7FBF1004B24F1 /* NSObject+SafeKVC.m in Sources */ = {isa = PBXBuildFile; fileRef = 0AF1E6CF1CB7FBF1004B24F1 /* NSObject+SafeKVC.m */; };
		0AF1E70E1CB7FBF1004B24F1 /* NSString+PXPSecurity.h in Headers */ = {isa = PBXBuildFile; fileRef = 0AF1E6D01CB7FBF1004B24F1 /* NSString+PXPSecurity.h */; };
		0AF1E70F1CB7FBF1004B24F1 /* NSString+PXPSecurity.m in Sources */ = {isa = PBXBuildFile; fileRef = 0AF1E6D11CB7FBF1004B24F1 /* NSString+PXPSecurity.m */; };
		0AF1E7121CB7FBF1004B24F1 /* UIImage+PXP_WebP.h in Headers */ = {isa = PBXBuildFile; fileRef = 0AF1E6D51CB7FBF1004B24F1 /* UIImage+PXP_WebP.h */; };
		0AF1E7131CB7FBF1004B24F1 /* UIImage+PXP_WebP.m in Sources */ = {isa = PBXBuildFile; fileRef = 0AF1E6D61CB7FBF1004B24F1 /* UIImage+PXP_WebP.m */; };
		0AF1E7141CB7FBF1004B24F1 /* PXPDefines.h in Headers */ = {isa = PBXBuildFile; fileRef = 0AF1E6D71CB7FBF1004B24F1 /* PXPDefines.h */; };
		0AF1E7151CB7FBF1004B24F1 /* PXPRequestWrapper.h in Headers */ = {isa = PBXBuildFile; fileRef = 0AF1E6D81CB7FBF1004B24F1 /* PXPRequestWrapper.h */; };
		0AF1E7161CB7FBF1004B24F1 /* PXPRequestWrapper.m in Sources */ = {isa = PBXBuildFile; fileRef = 0AF1E6D91CB7FBF1004B24F1 /* PXPRequestWrapper.m */; };
		0AF1E7171CB7FBF1004B24F1 /* PXPCellMonitor.h in Headers */ = {isa = PBXBuildFile; fileRef = 0AF1E6DB1CB7FBF1004B24F1 /* PXPCellMonitor.h */; };
		0AF1E7181CB7FBF1004B24F1 /* PXPCellMonitor.m in Sources */ = {isa = PBXBuildFile; fileRef = 0AF1E6DC1CB7FBF1004B24F1 /* PXPCellMonitor.m */; };
		0AF1E7191CB7FBF1004B24F1 /* PXPMonitoring.h in Headers */ = {isa = PBXBuildFile; fileRef = 0AF1E6DD1CB7FBF1004B24F1 /* PXPMonitoring.h */; };
		0AF1E71A1CB7FBF1004B24F1 /* PXPNetInfo.h in Headers */ = {isa = PBXBuildFile; fileRef = 0AF1E6DE1CB7FBF1004B24F1 /* PXPNetInfo.h */; };
		0AF1E71B1CB7FBF1004B24F1 /* PXPNetInfo.m in Sources */ = {isa = PBXBuildFile; fileRef = 0AF1E6DF1CB7FBF1004B24F1 /* PXPNetInfo.m */; };
		0AF1E71C1CB7FBF1004B24F1 /* PXPNetworkMonitor.h in Headers */ = {isa = PBXBuildFile; fileRef = 0AF1E6E01CB7FBF1004B24F1 /* PXPNetworkMonitor.h */; };
		0AF1E71D1CB7FBF1004B24F1 /* PXPNetworkMonitor.m in Sources */ = {isa = PBXBuildFile; fileRef = 0AF1E6E11CB7FBF1004B24F1 /* PXPNetworkMonitor.m */; };
		0AF1E71E1CB7FBF1004B24F1 /* PXPNetworkTechnologies.h in Headers */ = {isa = PBXBuildFile; fileRef = 0AF1E6E21CB7FBF1004B24F1 /* PXPNetworkTechnologies.h */; };
		0AF1E71F1CB7FBF1004B24F1 /* PXPNetworkTechnologies.m in Sources */ = {isa = PBXBuildFile; fileRef = 0AF1E6E31CB7FBF1004B24F1 /* PXPNetworkTechnologies.m */; };
		0AF1E7201CB7FBF1004B24F1 /* PXPWifiMonitor.h in Headers */ = {isa = PBXBuildFile; fileRef = 0AF1E6E41CB7FBF1004B24F1 /* PXPWifiMonitor.h */; };
		0AF1E7211CB7FBF1004B24F1 /* PXPWifiMonitor.m in Sources */ = {isa = PBXBuildFile; fileRef = 0AF1E6E51CB7FBF1004B24F1 /* PXPWifiMonitor.m */; };
		0AF1E7221CB7FBF1004B24F1 /* PXPConfig.h in Headers */ = {isa = PBXBuildFile; fileRef = 0AF1E6E71CB7FBF1004B24F1 /* PXPConfig.h */; };
		0AF1E7231CB7FBF1004B24F1 /* PXPConfig.m in Sources */ = {isa = PBXBuildFile; fileRef = 0AF1E6E81CB7FBF1004B24F1 /* PXPConfig.m */; };
		0AF1E7241CB7FBF1004B24F1 /* PXPModelObject.h in Headers */ = {isa = PBXBuildFile; fileRef = 0AF1E6E91CB7FBF1004B24F1 /* PXPModelObject.h */; };
		0AF1E7251CB7FBF1004B24F1 /* PXPModelObject.m in Sources */ = {isa = PBXBuildFile; fileRef = 0AF1E6EA1CB7FBF1004B24F1 /* PXPModelObject.m */; };
		0AF1E7261CB7FBF1004B24F1 /* PXP_Internal.h in Headers */ = {isa = PBXBuildFile; fileRef = 0AF1E6EB1CB7FBF1004B24F1 /* PXP_Internal.h */; };
		0AF1E7271CB7FBF1004B24F1 /* PXPSDKRequestWrapper.h in Headers */ = {isa = PBXBuildFile; fileRef = 0AF1E6ED1CB7FBF1004B24F1 /* PXPSDKRequestWrapper.h */; };
		0AF1E7281CB7FBF1004B24F1 /* PXPSDKRequestWrapper.m in Sources */ = {isa = PBXBuildFile; fileRef = 0AF1E6EE1CB7FBF1004B24F1 /* PXPSDKRequestWrapper.m */; };
		0AF1E72B1CB7FBF1004B24F1 /* PXP.h in Headers */ = {isa = PBXBuildFile; fileRef = 0AF1E6F21CB7FBF1004B24F1 /* PXP.h */; settings = {ATTRIBUTES = (Public, ); }; };
		0AF1E72C1CB7FBF1004B24F1 /* PXP.m in Sources */ = {isa = PBXBuildFile; fileRef = 0AF1E6F31CB7FBF1004B24F1 /* PXP.m */; };
		0AF1E7331CB7FBF1004B24F1 /* PXPTransform.h in Headers */ = {isa = PBXBuildFile; fileRef = 0AF1E6FA1CB7FBF1004B24F1 /* PXPTransform.h */; settings = {ATTRIBUTES = (Public, ); }; };
		0AF1E7341CB7FBF1004B24F1 /* PXPTransform.m in Sources */ = {isa = PBXBuildFile; fileRef = 0AF1E6FB1CB7FBF1004B24F1 /* PXPTransform.m */; };
		0AF1E7351CB7FBF1004B24F1 /* UIImageView+PXPExtensions.h in Headers */ = {isa = PBXBuildFile; fileRef = 0AF1E6FD1CB7FBF1004B24F1 /* UIImageView+PXPExtensions.h */; settings = {ATTRIBUTES = (Public, ); }; };
		0AF1E7361CB7FBF1004B24F1 /* UIImageView+PXPExtensions.m in Sources */ = {isa = PBXBuildFile; fileRef = 0AF1E6FE1CB7FBF1004B24F1 /* UIImageView+PXPExtensions.m */; };
		ED8F51FCFA09F9F6F60578DA /* libPods-Pixpie.a in Frameworks */ = {isa = PBXBuildFile; fileRef = 2CBB9385EB4ED8CC280408BE /* libPods-Pixpie.a */; };
/* End PBXBuildFile section */

/* Begin PBXCopyFilesBuildPhase section */
		0A4B43DE1CB81F40003C372C /* CopyFiles */ = {
			isa = PBXCopyFilesBuildPhase;
			buildActionMask = 2147483647;
			dstPath = Pixpie.framework/Modules;
			dstSubfolderSpec = 16;
			files = (
				0A4B43DF1CB81F6C003C372C /* module.modulemap in CopyFiles */,
			);
			runOnlyForDeploymentPostprocessing = 0;
		};
/* End PBXCopyFilesBuildPhase section */

/* Begin PBXFileReference section */
		0A064A7D1CB7FB6300A6F6E8 /* Pixpie.framework */ = {isa = PBXFileReference; explicitFileType = wrapper.cfbundle; includeInIndex = 0; path = Pixpie.framework; sourceTree = BUILT_PRODUCTS_DIR; };
		0A11CA101D8E0B2D009ADDF8 /* Pixpie.h */ = {isa = PBXFileReference; fileEncoding = 4; lastKnownFileType = sourcecode.c.h; path = Pixpie.h; sourceTree = "<group>"; };
		0A11CA121D8E0B3A009ADDF8 /* PXPAutomaticTransform.h */ = {isa = PBXFileReference; fileEncoding = 4; lastKnownFileType = sourcecode.c.h; path = PXPAutomaticTransform.h; sourceTree = "<group>"; };
		0A11CA131D8E0B3A009ADDF8 /* PXPAutomaticTransform.m */ = {isa = PBXFileReference; fileEncoding = 4; lastKnownFileType = sourcecode.c.objc; path = PXPAutomaticTransform.m; sourceTree = "<group>"; };
		0A11CA161D8E0B7B009ADDF8 /* PXPQueueManager.h */ = {isa = PBXFileReference; fileEncoding = 4; lastKnownFileType = sourcecode.c.h; path = PXPQueueManager.h; sourceTree = "<group>"; };
		0A11CA171D8E0B7B009ADDF8 /* PXPQueueManager.m */ = {isa = PBXFileReference; fileEncoding = 4; lastKnownFileType = sourcecode.c.objc; path = PXPQueueManager.m; sourceTree = "<group>"; };
		0A4B43D71CB8198D003C372C /* module.modulemap */ = {isa = PBXFileReference; fileEncoding = 4; lastKnownFileType = "sourcecode.module-map"; path = module.modulemap; sourceTree = "<group>"; };
		0A4B43D81CB819E8003C372C /* Pixpie-umbrella.h */ = {isa = PBXFileReference; fileEncoding = 4; lastKnownFileType = sourcecode.c.h; path = "Pixpie-umbrella.h"; sourceTree = "<group>"; };
		0A7675D51D5B8C69008AF835 /* PXPURLSessionDemux.h */ = {isa = PBXFileReference; fileEncoding = 4; lastKnownFileType = sourcecode.c.h; path = PXPURLSessionDemux.h; sourceTree = "<group>"; };
		0A7675D61D5B8C69008AF835 /* PXPURLSessionDemux.m */ = {isa = PBXFileReference; fileEncoding = 4; lastKnownFileType = sourcecode.c.objc; path = PXPURLSessionDemux.m; sourceTree = "<group>"; };
		0A7675D91D5B8C74008AF835 /* CacheStoragePolicy.h */ = {isa = PBXFileReference; fileEncoding = 4; lastKnownFileType = sourcecode.c.h; path = CacheStoragePolicy.h; sourceTree = "<group>"; };
		0A7675DA1D5B8C74008AF835 /* CacheStoragePolicy.m */ = {isa = PBXFileReference; fileEncoding = 4; lastKnownFileType = sourcecode.c.objc; path = CacheStoragePolicy.m; sourceTree = "<group>"; };
		0A7675DB1D5B8C74008AF835 /* CanonicalRequest.h */ = {isa = PBXFileReference; fileEncoding = 4; lastKnownFileType = sourcecode.c.h; path = CanonicalRequest.h; sourceTree = "<group>"; };
		0A7675DC1D5B8C74008AF835 /* CanonicalRequest.m */ = {isa = PBXFileReference; fileEncoding = 4; lastKnownFileType = sourcecode.c.objc; path = CanonicalRequest.m; sourceTree = "<group>"; };
		0A7A21541D46417D004B959B /* PXPURLProtocol.h */ = {isa = PBXFileReference; fileEncoding = 4; lastKnownFileType = sourcecode.c.h; path = PXPURLProtocol.h; sourceTree = "<group>"; };
		0A7A21551D46417D004B959B /* PXPURLProtocol.m */ = {isa = PBXFileReference; fileEncoding = 4; lastKnownFileType = sourcecode.c.objc; path = PXPURLProtocol.m; sourceTree = "<group>"; };
		0A7A21581D4641A4004B959B /* PXPDataMonitor.h */ = {isa = PBXFileReference; fileEncoding = 4; lastKnownFileType = sourcecode.c.h; path = PXPDataMonitor.h; sourceTree = "<group>"; };
		0A7A21591D4641A4004B959B /* PXPDataMonitor.m */ = {isa = PBXFileReference; fileEncoding = 4; lastKnownFileType = sourcecode.c.objc; path = PXPDataMonitor.m; sourceTree = "<group>"; };
		0A7A215C1D464628004B959B /* PXPTrafficMonitor.h */ = {isa = PBXFileReference; fileEncoding = 4; lastKnownFileType = sourcecode.c.h; path = PXPTrafficMonitor.h; sourceTree = "<group>"; };
		0A7A215D1D464628004B959B /* PXPTrafficMonitor.m */ = {isa = PBXFileReference; fileEncoding = 4; lastKnownFileType = sourcecode.c.objc; path = PXPTrafficMonitor.m; sourceTree = "<group>"; };
		0A812AF41CBEC1DF00879F9A /* AFHTTPSessionOperation.h */ = {isa = PBXFileReference; fileEncoding = 4; lastKnownFileType = sourcecode.c.h; path = AFHTTPSessionOperation.h; sourceTree = "<group>"; };
		0A812AF51CBEC1DF00879F9A /* AFHTTPSessionOperation.m */ = {isa = PBXFileReference; fileEncoding = 4; lastKnownFileType = sourcecode.c.objc; path = AFHTTPSessionOperation.m; sourceTree = "<group>"; };
		0A812AF61CBEC1DF00879F9A /* AFURLSessionOperation.h */ = {isa = PBXFileReference; fileEncoding = 4; lastKnownFileType = sourcecode.c.h; path = AFURLSessionOperation.h; sourceTree = "<group>"; };
		0A812AF71CBEC1DF00879F9A /* AFURLSessionOperation.m */ = {isa = PBXFileReference; fileEncoding = 4; lastKnownFileType = sourcecode.c.objc; path = AFURLSessionOperation.m; sourceTree = "<group>"; };
		0A812AF81CBEC1DF00879F9A /* PXPAsynchronousOperation.h */ = {isa = PBXFileReference; fileEncoding = 4; lastKnownFileType = sourcecode.c.h; path = PXPAsynchronousOperation.h; sourceTree = "<group>"; };
		0A812AF91CBEC1DF00879F9A /* PXPAsynchronousOperation.m */ = {isa = PBXFileReference; fileEncoding = 4; lastKnownFileType = sourcecode.c.objc; path = PXPAsynchronousOperation.m; sourceTree = "<group>"; };
		0A9AE5FD1CCE2425009E9120 /* PXPAPITask.h */ = {isa = PBXFileReference; fileEncoding = 4; lastKnownFileType = sourcecode.c.h; path = PXPAPITask.h; sourceTree = "<group>"; };
		0A9AE5FE1CCE2425009E9120 /* PXPAPITask.m */ = {isa = PBXFileReference; fileEncoding = 4; lastKnownFileType = sourcecode.c.objc; path = PXPAPITask.m; sourceTree = "<group>"; };
		0AB0F2F21D904A6900AB7FE9 /* PXPImageRequestWrapper.h */ = {isa = PBXFileReference; fileEncoding = 4; lastKnownFileType = sourcecode.c.h; path = PXPImageRequestWrapper.h; sourceTree = "<group>"; };
		0AB0F2F31D904A6900AB7FE9 /* PXPImageRequestWrapper.m */ = {isa = PBXFileReference; fileEncoding = 4; lastKnownFileType = sourcecode.c.objc; path = PXPImageRequestWrapper.m; sourceTree = "<group>"; };
		0AB0F2FC1D904C8B00AB7FE9 /* PXPTrafficMonitor_Internal.h */ = {isa = PBXFileReference; fileEncoding = 4; lastKnownFileType = sourcecode.c.h; path = PXPTrafficMonitor_Internal.h; sourceTree = "<group>"; };
		0AC063451CC160FE006BAB18 /* NSOperationQueue+PXPExtensions.h */ = {isa = PBXFileReference; fileEncoding = 4; lastKnownFileType = sourcecode.c.h; path = "NSOperationQueue+PXPExtensions.h"; sourceTree = "<group>"; };
		0AC063461CC160FE006BAB18 /* NSOperationQueue+PXPExtensions.m */ = {isa = PBXFileReference; fileEncoding = 4; lastKnownFileType = sourcecode.c.objc; path = "NSOperationQueue+PXPExtensions.m"; sourceTree = "<group>"; };
		0AF1E6BF1CB7FBF1004B24F1 /* PXPAccountInfo.h */ = {isa = PBXFileReference; fileEncoding = 4; lastKnownFileType = sourcecode.c.h; path = PXPAccountInfo.h; sourceTree = "<group>"; };
		0AF1E6C01CB7FBF1004B24F1 /* PXPAccountInfo.m */ = {isa = PBXFileReference; fileEncoding = 4; lastKnownFileType = sourcecode.c.objc; path = PXPAccountInfo.m; sourceTree = "<group>"; };
		0AF1E6C11CB7FBF1004B24F1 /* PXPAuthManager.h */ = {isa = PBXFileReference; fileEncoding = 4; lastKnownFileType = sourcecode.c.h; path = PXPAuthManager.h; sourceTree = "<group>"; };
		0AF1E6C21CB7FBF1004B24F1 /* PXPAuthManager.m */ = {isa = PBXFileReference; fileEncoding = 4; lastKnownFileType = sourcecode.c.objc; path = PXPAuthManager.m; sourceTree = "<group>"; };
		0AF1E6C31CB7FBF1004B24F1 /* PXPAuthPrincipal.h */ = {isa = PBXFileReference; fileEncoding = 4; lastKnownFileType = sourcecode.c.h; path = PXPAuthPrincipal.h; sourceTree = "<group>"; };
		0AF1E6C41CB7FBF1004B24F1 /* PXPAuthPrincipal.m */ = {isa = PBXFileReference; fileEncoding = 4; lastKnownFileType = sourcecode.c.objc; path = PXPAuthPrincipal.m; sourceTree = "<group>"; };
		0AF1E6C51CB7FBF1004B24F1 /* PXPAuthRequestWrapper.h */ = {isa = PBXFileReference; fileEncoding = 4; lastKnownFileType = sourcecode.c.h; path = PXPAuthRequestWrapper.h; sourceTree = "<group>"; };
		0AF1E6C61CB7FBF1004B24F1 /* PXPAuthRequestWrapper.m */ = {isa = PBXFileReference; fileEncoding = 4; lastKnownFileType = sourcecode.c.objc; path = PXPAuthRequestWrapper.m; sourceTree = "<group>"; };
		0AF1E6CA1CB7FBF1004B24F1 /* PXPWebPResponseSerializer.h */ = {isa = PBXFileReference; fileEncoding = 4; lastKnownFileType = sourcecode.c.h; path = PXPWebPResponseSerializer.h; sourceTree = "<group>"; };
		0AF1E6CB1CB7FBF1004B24F1 /* PXPWebPResponseSerializer.m */ = {isa = PBXFileReference; fileEncoding = 4; lastKnownFileType = sourcecode.c.objc; path = PXPWebPResponseSerializer.m; sourceTree = "<group>"; };
		0AF1E6CE1CB7FBF1004B24F1 /* NSObject+SafeKVC.h */ = {isa = PBXFileReference; fileEncoding = 4; lastKnownFileType = sourcecode.c.h; path = "NSObject+SafeKVC.h"; sourceTree = "<group>"; };
		0AF1E6CF1CB7FBF1004B24F1 /* NSObject+SafeKVC.m */ = {isa = PBXFileReference; fileEncoding = 4; lastKnownFileType = sourcecode.c.objc; path = "NSObject+SafeKVC.m"; sourceTree = "<group>"; };
		0AF1E6D01CB7FBF1004B24F1 /* NSString+PXPSecurity.h */ = {isa = PBXFileReference; fileEncoding = 4; lastKnownFileType = sourcecode.c.h; path = "NSString+PXPSecurity.h"; sourceTree = "<group>"; };
		0AF1E6D11CB7FBF1004B24F1 /* NSString+PXPSecurity.m */ = {isa = PBXFileReference; fileEncoding = 4; lastKnownFileType = sourcecode.c.objc; path = "NSString+PXPSecurity.m"; sourceTree = "<group>"; };
		0AF1E6D51CB7FBF1004B24F1 /* UIImage+PXP_WebP.h */ = {isa = PBXFileReference; fileEncoding = 4; lastKnownFileType = sourcecode.c.h; path = "UIImage+PXP_WebP.h"; sourceTree = "<group>"; };
		0AF1E6D61CB7FBF1004B24F1 /* UIImage+PXP_WebP.m */ = {isa = PBXFileReference; fileEncoding = 4; lastKnownFileType = sourcecode.c.objc; path = "UIImage+PXP_WebP.m"; sourceTree = "<group>"; };
		0AF1E6D71CB7FBF1004B24F1 /* PXPDefines.h */ = {isa = PBXFileReference; fileEncoding = 4; lastKnownFileType = sourcecode.c.h; path = PXPDefines.h; sourceTree = "<group>"; };
		0AF1E6D81CB7FBF1004B24F1 /* PXPRequestWrapper.h */ = {isa = PBXFileReference; fileEncoding = 4; lastKnownFileType = sourcecode.c.h; path = PXPRequestWrapper.h; sourceTree = "<group>"; };
		0AF1E6D91CB7FBF1004B24F1 /* PXPRequestWrapper.m */ = {isa = PBXFileReference; fileEncoding = 4; lastKnownFileType = sourcecode.c.objc; path = PXPRequestWrapper.m; sourceTree = "<group>"; };
		0AF1E6DB1CB7FBF1004B24F1 /* PXPCellMonitor.h */ = {isa = PBXFileReference; fileEncoding = 4; lastKnownFileType = sourcecode.c.h; path = PXPCellMonitor.h; sourceTree = "<group>"; };
		0AF1E6DC1CB7FBF1004B24F1 /* PXPCellMonitor.m */ = {isa = PBXFileReference; fileEncoding = 4; lastKnownFileType = sourcecode.c.objc; path = PXPCellMonitor.m; sourceTree = "<group>"; };
		0AF1E6DD1CB7FBF1004B24F1 /* PXPMonitoring.h */ = {isa = PBXFileReference; fileEncoding = 4; lastKnownFileType = sourcecode.c.h; path = PXPMonitoring.h; sourceTree = "<group>"; };
		0AF1E6DE1CB7FBF1004B24F1 /* PXPNetInfo.h */ = {isa = PBXFileReference; fileEncoding = 4; lastKnownFileType = sourcecode.c.h; path = PXPNetInfo.h; sourceTree = "<group>"; };
		0AF1E6DF1CB7FBF1004B24F1 /* PXPNetInfo.m */ = {isa = PBXFileReference; fileEncoding = 4; lastKnownFileType = sourcecode.c.objc; path = PXPNetInfo.m; sourceTree = "<group>"; };
		0AF1E6E01CB7FBF1004B24F1 /* PXPNetworkMonitor.h */ = {isa = PBXFileReference; fileEncoding = 4; lastKnownFileType = sourcecode.c.h; path = PXPNetworkMonitor.h; sourceTree = "<group>"; };
		0AF1E6E11CB7FBF1004B24F1 /* PXPNetworkMonitor.m */ = {isa = PBXFileReference; fileEncoding = 4; lastKnownFileType = sourcecode.c.objc; path = PXPNetworkMonitor.m; sourceTree = "<group>"; };
		0AF1E6E21CB7FBF1004B24F1 /* PXPNetworkTechnologies.h */ = {isa = PBXFileReference; fileEncoding = 4; lastKnownFileType = sourcecode.c.h; path = PXPNetworkTechnologies.h; sourceTree = "<group>"; };
		0AF1E6E31CB7FBF1004B24F1 /* PXPNetworkTechnologies.m */ = {isa = PBXFileReference; fileEncoding = 4; lastKnownFileType = sourcecode.c.objc; path = PXPNetworkTechnologies.m; sourceTree = "<group>"; };
		0AF1E6E41CB7FBF1004B24F1 /* PXPWifiMonitor.h */ = {isa = PBXFileReference; fileEncoding = 4; lastKnownFileType = sourcecode.c.h; path = PXPWifiMonitor.h; sourceTree = "<group>"; };
		0AF1E6E51CB7FBF1004B24F1 /* PXPWifiMonitor.m */ = {isa = PBXFileReference; fileEncoding = 4; lastKnownFileType = sourcecode.c.objc; path = PXPWifiMonitor.m; sourceTree = "<group>"; };
		0AF1E6E71CB7FBF1004B24F1 /* PXPConfig.h */ = {isa = PBXFileReference; fileEncoding = 4; lastKnownFileType = sourcecode.c.h; path = PXPConfig.h; sourceTree = "<group>"; };
		0AF1E6E81CB7FBF1004B24F1 /* PXPConfig.m */ = {isa = PBXFileReference; fileEncoding = 4; lastKnownFileType = sourcecode.c.objc; path = PXPConfig.m; sourceTree = "<group>"; };
		0AF1E6E91CB7FBF1004B24F1 /* PXPModelObject.h */ = {isa = PBXFileReference; fileEncoding = 4; lastKnownFileType = sourcecode.c.h; path = PXPModelObject.h; sourceTree = "<group>"; };
		0AF1E6EA1CB7FBF1004B24F1 /* PXPModelObject.m */ = {isa = PBXFileReference; fileEncoding = 4; lastKnownFileType = sourcecode.c.objc; path = PXPModelObject.m; sourceTree = "<group>"; };
		0AF1E6EB1CB7FBF1004B24F1 /* PXP_Internal.h */ = {isa = PBXFileReference; fileEncoding = 4; lastKnownFileType = sourcecode.c.h; path = PXP_Internal.h; sourceTree = "<group>"; };
		0AF1E6ED1CB7FBF1004B24F1 /* PXPSDKRequestWrapper.h */ = {isa = PBXFileReference; fileEncoding = 4; lastKnownFileType = sourcecode.c.h; path = PXPSDKRequestWrapper.h; sourceTree = "<group>"; };
		0AF1E6EE1CB7FBF1004B24F1 /* PXPSDKRequestWrapper.m */ = {isa = PBXFileReference; fileEncoding = 4; lastKnownFileType = sourcecode.c.objc; path = PXPSDKRequestWrapper.m; sourceTree = "<group>"; };
		0AF1E6F21CB7FBF1004B24F1 /* PXP.h */ = {isa = PBXFileReference; fileEncoding = 4; lastKnownFileType = sourcecode.c.h; path = PXP.h; sourceTree = "<group>"; };
		0AF1E6F31CB7FBF1004B24F1 /* PXP.m */ = {isa = PBXFileReference; fileEncoding = 4; lastKnownFileType = sourcecode.c.objc; path = PXP.m; sourceTree = "<group>"; };
		0AF1E6FA1CB7FBF1004B24F1 /* PXPTransform.h */ = {isa = PBXFileReference; fileEncoding = 4; lastKnownFileType = sourcecode.c.h; path = PXPTransform.h; sourceTree = "<group>"; };
		0AF1E6FB1CB7FBF1004B24F1 /* PXPTransform.m */ = {isa = PBXFileReference; fileEncoding = 4; lastKnownFileType = sourcecode.c.objc; path = PXPTransform.m; sourceTree = "<group>"; };
		0AF1E6FD1CB7FBF1004B24F1 /* UIImageView+PXPExtensions.h */ = {isa = PBXFileReference; fileEncoding = 4; lastKnownFileType = sourcecode.c.h; path = "UIImageView+PXPExtensions.h"; sourceTree = "<group>"; };
		0AF1E6FE1CB7FBF1004B24F1 /* UIImageView+PXPExtensions.m */ = {isa = PBXFileReference; fileEncoding = 4; lastKnownFileType = sourcecode.c.objc; path = "UIImageView+PXPExtensions.m"; sourceTree = "<group>"; };
		0CBA5AEBA83165AB05CAB715 /* Pods-Pixpie.debug.xcconfig */ = {isa = PBXFileReference; includeInIndex = 1; lastKnownFileType = text.xcconfig; name = "Pods-Pixpie.debug.xcconfig"; path = "Pods/Target Support Files/Pods-Pixpie/Pods-Pixpie.debug.xcconfig"; sourceTree = "<group>"; };
		2CBB9385EB4ED8CC280408BE /* libPods-Pixpie.a */ = {isa = PBXFileReference; explicitFileType = archive.ar; includeInIndex = 0; path = "libPods-Pixpie.a"; sourceTree = BUILT_PRODUCTS_DIR; };
		80AD50C3C561DCB2234E889E /* Pods-Pixpie.release.xcconfig */ = {isa = PBXFileReference; includeInIndex = 1; lastKnownFileType = text.xcconfig; name = "Pods-Pixpie.release.xcconfig"; path = "Pods/Target Support Files/Pods-Pixpie/Pods-Pixpie.release.xcconfig"; sourceTree = "<group>"; };
/* End PBXFileReference section */

/* Begin PBXFrameworksBuildPhase section */
		0A064A7A1CB7FB6300A6F6E8 /* Frameworks */ = {
			isa = PBXFrameworksBuildPhase;
			buildActionMask = 2147483647;
			files = (
				ED8F51FCFA09F9F6F60578DA /* libPods-Pixpie.a in Frameworks */,
			);
			runOnlyForDeploymentPostprocessing = 0;
		};
/* End PBXFrameworksBuildPhase section */

/* Begin PBXGroup section */
		0A064A731CB7FB6300A6F6E8 = {
			isa = PBXGroup;
			children = (
				0A064A811CB7FB6300A6F6E8 /* PixpieFramework */,
				0A064A7E1CB7FB6300A6F6E8 /* Products */,
				80A438649E6FC8DB9A672A87 /* Pods */,
				5F7AEA4E1DFDE399476F9981 /* Frameworks */,
			);
			sourceTree = "<group>";
		};
		0A064A7E1CB7FB6300A6F6E8 /* Products */ = {
			isa = PBXGroup;
			children = (
				0A064A7D1CB7FB6300A6F6E8 /* Pixpie.framework */,
			);
			name = Products;
			sourceTree = "<group>";
		};
		0A064A811CB7FB6300A6F6E8 /* PixpieFramework */ = {
			isa = PBXGroup;
			children = (
				0A4B43D61CB8197E003C372C /* ModuleMap */,
				0A064A821CB7FB6300A6F6E8 /* Sources */,
			);
			path = PixpieFramework;
			sourceTree = "<group>";
		};
		0A064A821CB7FB6300A6F6E8 /* Sources */ = {
			isa = PBXGroup;
			children = (
				0AF1E6BB1CB7FBF1004B24F1 /* Classes */,
			);
			name = Sources;
			sourceTree = "<group>";
		};
		0A4B43D61CB8197E003C372C /* ModuleMap */ = {
			isa = PBXGroup;
			children = (
				0A4B43D81CB819E8003C372C /* Pixpie-umbrella.h */,
				0A4B43D71CB8198D003C372C /* module.modulemap */,
			);
			path = ModuleMap;
			sourceTree = "<group>";
		};
		0A812AF31CBEC1DF00879F9A /* PXPHTTPSessionOperation */ = {
			isa = PBXGroup;
			children = (
				0A812AF41CBEC1DF00879F9A /* AFHTTPSessionOperation.h */,
				0A812AF51CBEC1DF00879F9A /* AFHTTPSessionOperation.m */,
				0A812AF61CBEC1DF00879F9A /* AFURLSessionOperation.h */,
				0A812AF71CBEC1DF00879F9A /* AFURLSessionOperation.m */,
				0A812AF81CBEC1DF00879F9A /* PXPAsynchronousOperation.h */,
				0A812AF91CBEC1DF00879F9A /* PXPAsynchronousOperation.m */,
			);
			path = PXPHTTPSessionOperation;
			sourceTree = "<group>";
		};
		0AF1E6BB1CB7FBF1004B24F1 /* Classes */ = {
			isa = PBXGroup;
			children = (
				0AF1E6BD1CB7FBF1004B24F1 /* Private */,
				0AF1E6EF1CB7FBF1004B24F1 /* Public */,
			);
			name = Classes;
			path = ../../Pod/Classes;
			sourceTree = "<group>";
		};
		0AF1E6BD1CB7FBF1004B24F1 /* Private */ = {
			isa = PBXGroup;
			children = (
				0AB0F2FC1D904C8B00AB7FE9 /* PXPTrafficMonitor_Internal.h */,
				0AF1E6BE1CB7FBF1004B24F1 /* Auth */,
				0AF1E6C71CB7FBF1004B24F1 /* CDN */,
				0AF1E6CC1CB7FBF1004B24F1 /* Common */,
				0AF1E6DA1CB7FBF1004B24F1 /* ConnectionMonitor */,
				0AF1E6E61CB7FBF1004B24F1 /* Model */,
				0AF1E6EB1CB7FBF1004B24F1 /* PXP_Internal.h */,
				0AF1E6EC1CB7FBF1004B24F1 /* ServerApi */,
			);
			path = Private;
			sourceTree = "<group>";
		};
		0AF1E6BE1CB7FBF1004B24F1 /* Auth */ = {
			isa = PBXGroup;
			children = (
				0AF1E6BF1CB7FBF1004B24F1 /* PXPAccountInfo.h */,
				0AF1E6C01CB7FBF1004B24F1 /* PXPAccountInfo.m */,
				0AF1E6C11CB7FBF1004B24F1 /* PXPAuthManager.h */,
				0AF1E6C21CB7FBF1004B24F1 /* PXPAuthManager.m */,
				0AF1E6C31CB7FBF1004B24F1 /* PXPAuthPrincipal.h */,
				0AF1E6C41CB7FBF1004B24F1 /* PXPAuthPrincipal.m */,
				0AF1E6C51CB7FBF1004B24F1 /* PXPAuthRequestWrapper.h */,
				0AF1E6C61CB7FBF1004B24F1 /* PXPAuthRequestWrapper.m */,
			);
			path = Auth;
			sourceTree = "<group>";
		};
		0AF1E6C71CB7FBF1004B24F1 /* CDN */ = {
			isa = PBXGroup;
			children = (
				0AF1E6CA1CB7FBF1004B24F1 /* PXPWebPResponseSerializer.h */,
				0AF1E6CB1CB7FBF1004B24F1 /* PXPWebPResponseSerializer.m */,
			);
			path = CDN;
			sourceTree = "<group>";
		};
		0AF1E6CC1CB7FBF1004B24F1 /* Common */ = {
			isa = PBXGroup;
			children = (
				0AF1E6CD1CB7FBF1004B24F1 /* Helpers */,
				0AF1E6D71CB7FBF1004B24F1 /* PXPDefines.h */,
				0AF1E6D81CB7FBF1004B24F1 /* PXPRequestWrapper.h */,
				0A11CA161D8E0B7B009ADDF8 /* PXPQueueManager.h */,
				0A11CA171D8E0B7B009ADDF8 /* PXPQueueManager.m */,
				0AF1E6D91CB7FBF1004B24F1 /* PXPRequestWrapper.m */,
			);
			path = Common;
			sourceTree = "<group>";
		};
		0AF1E6CD1CB7FBF1004B24F1 /* Helpers */ = {
			isa = PBXGroup;
			children = (
				0A812AF31CBEC1DF00879F9A /* PXPHTTPSessionOperation */,
				0AF1E6CE1CB7FBF1004B24F1 /* NSObject+SafeKVC.h */,
				0AF1E6CF1CB7FBF1004B24F1 /* NSObject+SafeKVC.m */,
				0AF1E6D01CB7FBF1004B24F1 /* NSString+PXPSecurity.h */,
				0AF1E6D11CB7FBF1004B24F1 /* NSString+PXPSecurity.m */,
				0AC063451CC160FE006BAB18 /* NSOperationQueue+PXPExtensions.h */,
				0AC063461CC160FE006BAB18 /* NSOperationQueue+PXPExtensions.m */,
				0AF1E6D41CB7FBF1004B24F1 /* WebP */,
			);
			path = Helpers;
			sourceTree = "<group>";
		};
		0AF1E6D41CB7FBF1004B24F1 /* WebP */ = {
			isa = PBXGroup;
			children = (
				0AF1E6D51CB7FBF1004B24F1 /* UIImage+PXP_WebP.h */,
				0AF1E6D61CB7FBF1004B24F1 /* UIImage+PXP_WebP.m */,
			);
			path = WebP;
			sourceTree = "<group>";
		};
		0AF1E6DA1CB7FBF1004B24F1 /* ConnectionMonitor */ = {
			isa = PBXGroup;
			children = (
				0A7675D91D5B8C74008AF835 /* CacheStoragePolicy.h */,
				0A7675DA1D5B8C74008AF835 /* CacheStoragePolicy.m */,
				0A7675DB1D5B8C74008AF835 /* CanonicalRequest.h */,
				0A7675DC1D5B8C74008AF835 /* CanonicalRequest.m */,
				0A7675D51D5B8C69008AF835 /* PXPURLSessionDemux.h */,
				0A7675D61D5B8C69008AF835 /* PXPURLSessionDemux.m */,
				0A7A21581D4641A4004B959B /* PXPDataMonitor.h */,
				0A7A21591D4641A4004B959B /* PXPDataMonitor.m */,
				0A7A21541D46417D004B959B /* PXPURLProtocol.h */,
				0A7A21551D46417D004B959B /* PXPURLProtocol.m */,
				0AF1E6DB1CB7FBF1004B24F1 /* PXPCellMonitor.h */,
				0AF1E6DC1CB7FBF1004B24F1 /* PXPCellMonitor.m */,
				0AF1E6DD1CB7FBF1004B24F1 /* PXPMonitoring.h */,
				0AF1E6DE1CB7FBF1004B24F1 /* PXPNetInfo.h */,
				0AF1E6DF1CB7FBF1004B24F1 /* PXPNetInfo.m */,
				0AF1E6E01CB7FBF1004B24F1 /* PXPNetworkMonitor.h */,
				0AF1E6E11CB7FBF1004B24F1 /* PXPNetworkMonitor.m */,
				0AF1E6E21CB7FBF1004B24F1 /* PXPNetworkTechnologies.h */,
				0AF1E6E31CB7FBF1004B24F1 /* PXPNetworkTechnologies.m */,
				0AF1E6E41CB7FBF1004B24F1 /* PXPWifiMonitor.h */,
				0AF1E6E51CB7FBF1004B24F1 /* PXPWifiMonitor.m */,
			);
			path = ConnectionMonitor;
			sourceTree = "<group>";
		};
		0AF1E6E61CB7FBF1004B24F1 /* Model */ = {
			isa = PBXGroup;
			children = (
				0AF1E6E71CB7FBF1004B24F1 /* PXPConfig.h */,
				0AF1E6E81CB7FBF1004B24F1 /* PXPConfig.m */,
				0AF1E6E91CB7FBF1004B24F1 /* PXPModelObject.h */,
				0AF1E6EA1CB7FBF1004B24F1 /* PXPModelObject.m */,
			);
			path = Model;
			sourceTree = "<group>";
		};
		0AF1E6EC1CB7FBF1004B24F1 /* ServerApi */ = {
			isa = PBXGroup;
			children = (
				0A9AE5FD1CCE2425009E9120 /* PXPAPITask.h */,
				0A9AE5FE1CCE2425009E9120 /* PXPAPITask.m */,
				0AF1E6ED1CB7FBF1004B24F1 /* PXPSDKRequestWrapper.h */,
				0AF1E6EE1CB7FBF1004B24F1 /* PXPSDKRequestWrapper.m */,
			);
			path = ServerApi;
			sourceTree = "<group>";
		};
		0AF1E6EF1CB7FBF1004B24F1 /* Public */ = {
			isa = PBXGroup;
			children = (
				0A11CA101D8E0B2D009ADDF8 /* Pixpie.h */,
				0AB0F2F21D904A6900AB7FE9 /* PXPImageRequestWrapper.h */,
				0AB0F2F31D904A6900AB7FE9 /* PXPImageRequestWrapper.m */,
				0A11CA121D8E0B3A009ADDF8 /* PXPAutomaticTransform.h */,
				0A11CA131D8E0B3A009ADDF8 /* PXPAutomaticTransform.m */,
				0A7A215C1D464628004B959B /* PXPTrafficMonitor.h */,
				0A7A215D1D464628004B959B /* PXPTrafficMonitor.m */,
				0AF1E6F21CB7FBF1004B24F1 /* PXP.h */,
				0AF1E6F31CB7FBF1004B24F1 /* PXP.m */,
				0AF1E6FA1CB7FBF1004B24F1 /* PXPTransform.h */,
				0AF1E6FB1CB7FBF1004B24F1 /* PXPTransform.m */,
				0AF1E6FC1CB7FBF1004B24F1 /* UIKitExtensions */,
			);
			path = Public;
			sourceTree = "<group>";
		};
		0AF1E6FC1CB7FBF1004B24F1 /* UIKitExtensions */ = {
			isa = PBXGroup;
			children = (
				0AF1E6FD1CB7FBF1004B24F1 /* UIImageView+PXPExtensions.h */,
				0AF1E6FE1CB7FBF1004B24F1 /* UIImageView+PXPExtensions.m */,
			);
			path = UIKitExtensions;
			sourceTree = "<group>";
		};
		5F7AEA4E1DFDE399476F9981 /* Frameworks */ = {
			isa = PBXGroup;
			children = (
				2CBB9385EB4ED8CC280408BE /* libPods-Pixpie.a */,
			);
			name = Frameworks;
			sourceTree = "<group>";
		};
		80A438649E6FC8DB9A672A87 /* Pods */ = {
			isa = PBXGroup;
			children = (
				0CBA5AEBA83165AB05CAB715 /* Pods-Pixpie.debug.xcconfig */,
				80AD50C3C561DCB2234E889E /* Pods-Pixpie.release.xcconfig */,
			);
			name = Pods;
			sourceTree = "<group>";
		};
/* End PBXGroup section */

/* Begin PBXHeadersBuildPhase section */
		0A064A7B1CB7FB6300A6F6E8 /* Headers */ = {
			isa = PBXHeadersBuildPhase;
			buildActionMask = 2147483647;
			files = (
				0A7675DD1D5B8C74008AF835 /* CacheStoragePolicy.h in Headers */,
				0AF1E70C1CB7FBF1004B24F1 /* NSObject+SafeKVC.h in Headers */,
				0AF1E71E1CB7FBF1004B24F1 /* PXPNetworkTechnologies.h in Headers */,
				0A4B43D91CB819E8003C372C /* Pixpie-umbrella.h in Headers */,
				0A7A215E1D464628004B959B /* PXPTrafficMonitor.h in Headers */,
				0AB0F2FD1D904C8B00AB7FE9 /* PXPTrafficMonitor_Internal.h in Headers */,
				0A812AFE1CBEC1DF00879F9A /* PXPAsynchronousOperation.h in Headers */,
				0AF1E72B1CB7FBF1004B24F1 /* PXP.h in Headers */,
				0AF1E7201CB7FBF1004B24F1 /* PXPWifiMonitor.h in Headers */,
				0AF1E7261CB7FBF1004B24F1 /* PXP_Internal.h in Headers */,
				0AF1E7351CB7FBF1004B24F1 /* UIImageView+PXPExtensions.h in Headers */,
				0A812AFA1CBEC1DF00879F9A /* AFHTTPSessionOperation.h in Headers */,
				0AF1E7041CB7FBF1004B24F1 /* PXPAuthPrincipal.h in Headers */,
				0AF1E7271CB7FBF1004B24F1 /* PXPSDKRequestWrapper.h in Headers */,
				0AF1E71C1CB7FBF1004B24F1 /* PXPNetworkMonitor.h in Headers */,
				0A7A215A1D4641A4004B959B /* PXPDataMonitor.h in Headers */,
				0A7675DF1D5B8C74008AF835 /* CanonicalRequest.h in Headers */,
				0A11CA111D8E0B2D009ADDF8 /* Pixpie.h in Headers */,
				0AF1E7121CB7FBF1004B24F1 /* UIImage+PXP_WebP.h in Headers */,
				0AF1E7061CB7FBF1004B24F1 /* PXPAuthRequestWrapper.h in Headers */,
				0AF1E7221CB7FBF1004B24F1 /* PXPConfig.h in Headers */,
				0AF1E7331CB7FBF1004B24F1 /* PXPTransform.h in Headers */,
				0AF1E7001CB7FBF1004B24F1 /* PXPAccountInfo.h in Headers */,
				0AF1E7191CB7FBF1004B24F1 /* PXPMonitoring.h in Headers */,
				0AF1E7151CB7FBF1004B24F1 /* PXPRequestWrapper.h in Headers */,
				0A7A21561D46417D004B959B /* PXPURLProtocol.h in Headers */,
				0AF1E70A1CB7FBF1004B24F1 /* PXPWebPResponseSerializer.h in Headers */,
				0AF1E7241CB7FBF1004B24F1 /* PXPModelObject.h in Headers */,
				0A7675D71D5B8C69008AF835 /* PXPURLSessionDemux.h in Headers */,
				0AF1E7021CB7FBF1004B24F1 /* PXPAuthManager.h in Headers */,
				0AF1E7141CB7FBF1004B24F1 /* PXPDefines.h in Headers */,
				0A9AE5FF1CCE2425009E9120 /* PXPAPITask.h in Headers */,
				0AB0F2F41D904A6900AB7FE9 /* PXPImageRequestWrapper.h in Headers */,
				0A812AFC1CBEC1DF00879F9A /* AFURLSessionOperation.h in Headers */,
				0AF1E7171CB7FBF1004B24F1 /* PXPCellMonitor.h in Headers */,
				0AF1E71A1CB7FBF1004B24F1 /* PXPNetInfo.h in Headers */,
				0A11CA141D8E0B3A009ADDF8 /* PXPAutomaticTransform.h in Headers */,
				0AF1E70E1CB7FBF1004B24F1 /* NSString+PXPSecurity.h in Headers */,
				0AC063471CC160FE006BAB18 /* NSOperationQueue+PXPExtensions.h in Headers */,
				0A11CA181D8E0B7B009ADDF8 /* PXPQueueManager.h in Headers */,
			);
			runOnlyForDeploymentPostprocessing = 0;
		};
/* End PBXHeadersBuildPhase section */

/* Begin PBXNativeTarget section */
		0A064A7C1CB7FB6300A6F6E8 /* Pixpie */ = {
			isa = PBXNativeTarget;
			buildConfigurationList = 0A064A871CB7FB6300A6F6E8 /* Build configuration list for PBXNativeTarget "Pixpie" */;
			buildPhases = (
				B84390976A900328F2AED04B /* Check Pods Manifest.lock */,
				0A064A781CB7FB6300A6F6E8 /* Sources */,
				0A064A791CB7FB6300A6F6E8 /* Resources */,
				0A064A7A1CB7FB6300A6F6E8 /* Frameworks */,
				0A064A7B1CB7FB6300A6F6E8 /* Headers */,
				A459F7667BEF94E68A2B19D8 /* Copy Pods Resources */,
				0A4B43DE1CB81F40003C372C /* CopyFiles */,
			);
			buildRules = (
			);
			dependencies = (
			);
			name = Pixpie;
			productName = PixpieFramework;
			productReference = 0A064A7D1CB7FB6300A6F6E8 /* Pixpie.framework */;
			productType = "com.apple.product-type.bundle";
		};
/* End PBXNativeTarget section */

/* Begin PBXProject section */
		0A064A741CB7FB6300A6F6E8 /* Project object */ = {
			isa = PBXProject;
			attributes = {
				LastUpgradeCheck = 0800;
				TargetAttributes = {
					0A064A7C1CB7FB6300A6F6E8 = {
						CreatedOnToolsVersion = 7.3;
					};
					0AF1E7371CB7FEFC004B24F1 = {
						CreatedOnToolsVersion = 7.3;
					};
				};
			};
			buildConfigurationList = 0A064A771CB7FB6300A6F6E8 /* Build configuration list for PBXProject "PixpieFramework" */;
			compatibilityVersion = "Xcode 3.2";
			developmentRegion = English;
			hasScannedForEncodings = 0;
			knownRegions = (
				en,
			);
			mainGroup = 0A064A731CB7FB6300A6F6E8;
			productRefGroup = 0A064A7E1CB7FB6300A6F6E8 /* Products */;
			projectDirPath = "";
			projectRoot = "";
			targets = (
				0A064A7C1CB7FB6300A6F6E8 /* Pixpie */,
				0AF1E7371CB7FEFC004B24F1 /* Pixpie-Universal */,
			);
		};
/* End PBXProject section */

/* Begin PBXResourcesBuildPhase section */
		0A064A791CB7FB6300A6F6E8 /* Resources */ = {
			isa = PBXResourcesBuildPhase;
			buildActionMask = 2147483647;
			files = (
			);
			runOnlyForDeploymentPostprocessing = 0;
		};
/* End PBXResourcesBuildPhase section */

/* Begin PBXShellScriptBuildPhase section */
		0AF1E73B1CB7FF8A004B24F1 /* ShellScript */ = {
			isa = PBXShellScriptBuildPhase;
			buildActionMask = 2147483647;
			files = (
			);
			inputPaths = (
			);
			outputPaths = (
			);
			runOnlyForDeploymentPostprocessing = 0;
			shellPath = /bin/sh;
			shellScript = "######################\n# Options\n######################\n\nREVEAL_ARCHIVE_IN_FINDER=true\n\nFRAMEWORK_NAME=\"Pixpie\"\nLIB_NAME=\"Pixpie\"\n\nSIMULATOR_LIBRARY_PATH=\"${BUILD_DIR}/${CONFIGURATION}-iphonesimulator/${FRAMEWORK_NAME}.framework\"\n\nDEVICE_LIBRARY_PATH=\"${BUILD_DIR}/${CONFIGURATION}-iphoneos/${FRAMEWORK_NAME}.framework\"\n\nUNIVERSAL_LIBRARY_DIR=\"${BUILD_DIR}/${CONFIGURATION}-iphoneuniversal\"\n\nFRAMEWORK=\"${UNIVERSAL_LIBRARY_DIR}/${FRAMEWORK_NAME}.framework\"\n\nXCCONFIG=\"${PODS_ROOT}/Pods/Target Support Files/Pods-Pixpie/Pods-Pixpie.${CONFIGURATION}.xcconfig\"\n\n\n######################\n# Build Frameworks\n######################\n\nxcodebuild -workspace ${PROJECT_NAME}.xcworkspace -scheme ${LIB_NAME} -sdk iphonesimulator -configuration ${CONFIGURATION} clean build CONFIGURATION_BUILD_DIR=${BUILD_DIR}/${CONFIGURATION}-iphonesimulator 2>&1\n\nxcodebuild -workspace ${PROJECT_NAME}.xcworkspace -scheme ${LIB_NAME} -sdk iphoneos -configuration ${CONFIGURATION} clean build CONFIGURATION_BUILD_DIR=${BUILD_DIR}/${CONFIGURATION}-iphoneos 2>&1\n\n######################\n# Create directory for universal\n######################\n\nrm -rf \"${UNIVERSAL_LIBRARY_DIR}\"\n\nmkdir \"${UNIVERSAL_LIBRARY_DIR}\"\n\nmkdir \"${FRAMEWORK}\"\n\n\n######################\n# Copy files Framework\n######################\n\ncp -r \"${DEVICE_LIBRARY_PATH}/.\" \"${FRAMEWORK}\"\n\n\n######################\n# Make an universal binary\n######################\n\nlipo \"${SIMULATOR_LIBRARY_PATH}/${FRAMEWORK_NAME}\" \"${DEVICE_LIBRARY_PATH}/${FRAMEWORK_NAME}\" -create -output \"${FRAMEWORK}/${FRAMEWORK_NAME}\" | echo\n\n# For Swift framework, Swiftmodule needs to be copied in the universal framework\nif [ -d \"${SIMULATOR_LIBRARY_PATH}/Modules/${FRAMEWORK_NAME}.swiftmodule/\" ]; then\ncp -f \"${SIMULATOR_LIBRARY_PATH}/Modules/${FRAMEWORK_NAME}.swiftmodule/*\" \"${FRAMEWORK}/Modules/${FRAMEWORK_NAME}.swiftmodule/\" | echo\nfi\n\nif [ -d \"${DEVICE_LIBRARY_PATH}/Modules/${FRAMEWORK_NAME}.swiftmodule/\" ]; then\ncp -f \"${DEVICE_LIBRARY_PATH}/Modules/${FRAMEWORK_NAME}.swiftmodule/*\" \"${FRAMEWORK}/Modules/${FRAMEWORK_NAME}.swiftmodule/\" | echo\nfi\n\n######################\n# On Release, copy the result to release directory\n######################\nOUTPUT_DIR=\"${PROJECT_DIR}/Output/${FRAMEWORK_NAME}-${CONFIGURATION}-iphoneuniversal/\"\n\nrm -rf \"$OUTPUT_DIR\"\nmkdir -p \"$OUTPUT_DIR\"\n\ncp -r \"${FRAMEWORK}\" \"$OUTPUT_DIR\"\n\nif [ ${REVEAL_ARCHIVE_IN_FINDER} = true ]; then\nopen \"${OUTPUT_DIR}/\"\nfi";
		};
		A459F7667BEF94E68A2B19D8 /* Copy Pods Resources */ = {
			isa = PBXShellScriptBuildPhase;
			buildActionMask = 2147483647;
			files = (
			);
			inputPaths = (
			);
			name = "Copy Pods Resources";
			outputPaths = (
			);
			runOnlyForDeploymentPostprocessing = 0;
			shellPath = /bin/sh;
			shellScript = "\"${SRCROOT}/Pods/Target Support Files/Pods-Pixpie/Pods-Pixpie-resources.sh\"\n";
			showEnvVarsInLog = 0;
		};
		B84390976A900328F2AED04B /* Check Pods Manifest.lock */ = {
			isa = PBXShellScriptBuildPhase;
			buildActionMask = 2147483647;
			files = (
			);
			inputPaths = (
			);
			name = "Check Pods Manifest.lock";
			outputPaths = (
			);
			runOnlyForDeploymentPostprocessing = 0;
			shellPath = /bin/sh;
			shellScript = "diff \"${PODS_ROOT}/../Podfile.lock\" \"${PODS_ROOT}/Manifest.lock\" > /dev/null\nif [[ $? != 0 ]] ; then\n    cat << EOM\nerror: The sandbox is not in sync with the Podfile.lock. Run 'pod install' or update your CocoaPods installation.\nEOM\n    exit 1\nfi\n";
			showEnvVarsInLog = 0;
		};
/* End PBXShellScriptBuildPhase section */

/* Begin PBXSourcesBuildPhase section */
		0A064A781CB7FB6300A6F6E8 /* Sources */ = {
			isa = PBXSourcesBuildPhase;
			buildActionMask = 2147483647;
			files = (
				0A7A215F1D464628004B959B /* PXPTrafficMonitor.m in Sources */,
				0A812AFF1CBEC1DF00879F9A /* PXPAsynchronousOperation.m in Sources */,
				0A7675D81D5B8C69008AF835 /* PXPURLSessionDemux.m in Sources */,
				0AF1E71D1CB7FBF1004B24F1 /* PXPNetworkMonitor.m in Sources */,
				0A812AFD1CBEC1DF00879F9A /* AFURLSessionOperation.m in Sources */,
				0AF1E7031CB7FBF1004B24F1 /* PXPAuthManager.m in Sources */,
				0AF1E70B1CB7FBF1004B24F1 /* PXPWebPResponseSerializer.m in Sources */,
				0AF1E72C1CB7FBF1004B24F1 /* PXP.m in Sources */,
				0A11CA191D8E0B7B009ADDF8 /* PXPQueueManager.m in Sources */,
				0A7A21571D46417D004B959B /* PXPURLProtocol.m in Sources */,
				0AC063481CC160FE006BAB18 /* NSOperationQueue+PXPExtensions.m in Sources */,
				0A11CA151D8E0B3A009ADDF8 /* PXPAutomaticTransform.m in Sources */,
				0A9AE6001CCE2425009E9120 /* PXPAPITask.m in Sources */,
				0AF1E7181CB7FBF1004B24F1 /* PXPCellMonitor.m in Sources */,
				0AF1E70D1CB7FBF1004B24F1 /* NSObject+SafeKVC.m in Sources */,
				0AF1E70F1CB7FBF1004B24F1 /* NSString+PXPSecurity.m in Sources */,
				0AF1E7051CB7FBF1004B24F1 /* PXPAuthPrincipal.m in Sources */,
				0A7675DE1D5B8C74008AF835 /* CacheStoragePolicy.m in Sources */,
				0AF1E7231CB7FBF1004B24F1 /* PXPConfig.m in Sources */,
				0AF1E7251CB7FBF1004B24F1 /* PXPModelObject.m in Sources */,
				0AF1E71B1CB7FBF1004B24F1 /* PXPNetInfo.m in Sources */,
				0AF1E7161CB7FBF1004B24F1 /* PXPRequestWrapper.m in Sources */,
				0AB0F2F51D904A6900AB7FE9 /* PXPImageRequestWrapper.m in Sources */,
				0AF1E7341CB7FBF1004B24F1 /* PXPTransform.m in Sources */,
				0AF1E7281CB7FBF1004B24F1 /* PXPSDKRequestWrapper.m in Sources */,
				0AF1E7211CB7FBF1004B24F1 /* PXPWifiMonitor.m in Sources */,
				0A7675E01D5B8C74008AF835 /* CanonicalRequest.m in Sources */,
				0AF1E7071CB7FBF1004B24F1 /* PXPAuthRequestWrapper.m in Sources */,
				0AF1E7361CB7FBF1004B24F1 /* UIImageView+PXPExtensions.m in Sources */,
				0AF1E7131CB7FBF1004B24F1 /* UIImage+PXP_WebP.m in Sources */,
				0AF1E71F1CB7FBF1004B24F1 /* PXPNetworkTechnologies.m in Sources */,
				0AF1E7011CB7FBF1004B24F1 /* PXPAccountInfo.m in Sources */,
				0A812AFB1CBEC1DF00879F9A /* AFHTTPSessionOperation.m in Sources */,
				0A7A215B1D4641A4004B959B /* PXPDataMonitor.m in Sources */,
			);
			runOnlyForDeploymentPostprocessing = 0;
		};
/* End PBXSourcesBuildPhase section */

/* Begin XCBuildConfiguration section */
		0A064A851CB7FB6300A6F6E8 /* Debug */ = {
			isa = XCBuildConfiguration;
			buildSettings = {
				CLANG_ENABLE_OBJC_ARC = YES;
				CLANG_WARN_BOOL_CONVERSION = YES;
				CLANG_WARN_CONSTANT_CONVERSION = YES;
				CLANG_WARN_EMPTY_BODY = YES;
				CLANG_WARN_ENUM_CONVERSION = YES;
				CLANG_WARN_INFINITE_RECURSION = YES;
				CLANG_WARN_INT_CONVERSION = YES;
				CLANG_WARN_SUSPICIOUS_MOVE = YES;
				CLANG_WARN_UNREACHABLE_CODE = YES;
				CLANG_WARN__DUPLICATE_METHOD_MATCH = YES;
				ENABLE_STRICT_OBJC_MSGSEND = YES;
				ENABLE_TESTABILITY = YES;
				GCC_NO_COMMON_BLOCKS = YES;
				GCC_WARN_64_TO_32_BIT_CONVERSION = YES;
				GCC_WARN_ABOUT_RETURN_TYPE = YES;
				GCC_WARN_UNDECLARED_SELECTOR = YES;
				GCC_WARN_UNINITIALIZED_AUTOS = YES;
				GCC_WARN_UNUSED_FUNCTION = YES;
				GCC_WARN_UNUSED_VARIABLE = YES;
				IPHONEOS_DEPLOYMENT_TARGET = 8.0;
			};
			name = Debug;
		};
		0A064A861CB7FB6300A6F6E8 /* Release */ = {
			isa = XCBuildConfiguration;
			buildSettings = {
				CLANG_ENABLE_OBJC_ARC = YES;
				CLANG_WARN_BOOL_CONVERSION = YES;
				CLANG_WARN_CONSTANT_CONVERSION = YES;
				CLANG_WARN_EMPTY_BODY = YES;
				CLANG_WARN_ENUM_CONVERSION = YES;
				CLANG_WARN_INFINITE_RECURSION = YES;
				CLANG_WARN_INT_CONVERSION = YES;
				CLANG_WARN_SUSPICIOUS_MOVE = YES;
				CLANG_WARN_UNREACHABLE_CODE = YES;
				CLANG_WARN__DUPLICATE_METHOD_MATCH = YES;
				ENABLE_STRICT_OBJC_MSGSEND = YES;
				GCC_NO_COMMON_BLOCKS = YES;
				GCC_WARN_64_TO_32_BIT_CONVERSION = YES;
				GCC_WARN_ABOUT_RETURN_TYPE = YES;
				GCC_WARN_UNDECLARED_SELECTOR = YES;
				GCC_WARN_UNINITIALIZED_AUTOS = YES;
				GCC_WARN_UNUSED_FUNCTION = YES;
				GCC_WARN_UNUSED_VARIABLE = YES;
				IPHONEOS_DEPLOYMENT_TARGET = 8.0;
			};
			name = Release;
		};
		0A064A881CB7FB6300A6F6E8 /* Debug */ = {
			isa = XCBuildConfiguration;
			baseConfigurationReference = 0CBA5AEBA83165AB05CAB715 /* Pods-Pixpie.debug.xcconfig */;
			buildSettings = {
				ALWAYS_SEARCH_USER_PATHS = NO;
				ARCHS = "$(ARCHS_STANDARD)";
				CLANG_CXX_LANGUAGE_STANDARD = "gnu++0x";
				CLANG_CXX_LIBRARY = "libc++";
				CLANG_ENABLE_MODULES = YES;
				CLANG_WARN_EMPTY_BODY = YES;
				CLANG_WARN__DUPLICATE_METHOD_MATCH = YES;
				COMBINE_HIDPI_IMAGES = YES;
				COPY_PHASE_STRIP = NO;
				DEAD_CODE_STRIPPING = NO;
				DEBUG_INFORMATION_FORMAT = dwarf;
				DEFINES_MODULE = YES;
				ENABLE_BITCODE = NO;
				FRAMEWORK_VERSION = A;
				GCC_C_LANGUAGE_STANDARD = gnu99;
				GCC_ENABLE_OBJC_EXCEPTIONS = YES;
				GCC_GENERATE_DEBUGGING_SYMBOLS = NO;
				GCC_PRECOMPILE_PREFIX_HEADER = NO;
				GCC_SYMBOLS_PRIVATE_EXTERN = NO;
				GCC_THUMB_SUPPORT = YES;
				GCC_VERSION = com.apple.compilers.llvm.clang.1_0;
				GCC_WARN_64_TO_32_BIT_CONVERSION = NO;
				GCC_WARN_ABOUT_RETURN_TYPE = YES;
				GCC_WARN_UNDECLARED_SELECTOR = YES;
				GCC_WARN_UNUSED_FUNCTION = YES;
				GCC_WARN_UNUSED_VARIABLE = YES;
				IPHONEOS_DEPLOYMENT_TARGET = 8.0;
				LINK_WITH_STANDARD_LIBRARIES = NO;
				MACH_O_TYPE = mh_object;
				MODULEMAP_FILE = "$(SRCROOT)/ModuleMap/module.modulemap";
				OBJROOT = "$(SYMROOT)";
				ONLY_ACTIVE_ARCH = NO;
				OTHER_CFLAGS = "$(inherited)";
				OTHER_LDFLAGS = "$(inherited)";
				PRECOMPS_INCLUDE_HEADERS_FROM_BUILT_PRODUCTS_DIR = NO;
				PRODUCT_NAME = "$(TARGET_NAME)";
				SDKROOT = iphoneos;
				SKIP_INSTALL = YES;
				SYMROOT = build;
				TARGETED_DEVICE_FAMILY = "1,2";
				VALIDATE_PRODUCT = NO;
				VALID_ARCHS = "arm64 armv7 armv7s i386 x86_64";
				WRAPPER_EXTENSION = framework;
			};
			name = Debug;
		};
		0A064A891CB7FB6300A6F6E8 /* Release */ = {
			isa = XCBuildConfiguration;
			baseConfigurationReference = 80AD50C3C561DCB2234E889E /* Pods-Pixpie.release.xcconfig */;
			buildSettings = {
				ALWAYS_SEARCH_USER_PATHS = NO;
				ARCHS = "$(ARCHS_STANDARD)";
				CLANG_CXX_LANGUAGE_STANDARD = "gnu++0x";
				CLANG_CXX_LIBRARY = "libc++";
				CLANG_ENABLE_MODULES = YES;
				CLANG_WARN_EMPTY_BODY = YES;
				CLANG_WARN__DUPLICATE_METHOD_MATCH = YES;
				COMBINE_HIDPI_IMAGES = YES;
				COPY_PHASE_STRIP = NO;
				DEAD_CODE_STRIPPING = NO;
				DEBUG_INFORMATION_FORMAT = dwarf;
				DEFINES_MODULE = YES;
				ENABLE_BITCODE = NO;
				FRAMEWORK_VERSION = A;
				GCC_C_LANGUAGE_STANDARD = gnu99;
				GCC_ENABLE_OBJC_EXCEPTIONS = YES;
				GCC_GENERATE_DEBUGGING_SYMBOLS = NO;
				GCC_PRECOMPILE_PREFIX_HEADER = NO;
				GCC_SYMBOLS_PRIVATE_EXTERN = NO;
				GCC_THUMB_SUPPORT = YES;
				GCC_VERSION = com.apple.compilers.llvm.clang.1_0;
				GCC_WARN_64_TO_32_BIT_CONVERSION = NO;
				GCC_WARN_ABOUT_RETURN_TYPE = YES;
				GCC_WARN_UNDECLARED_SELECTOR = YES;
				GCC_WARN_UNUSED_FUNCTION = YES;
				GCC_WARN_UNUSED_VARIABLE = YES;
				IPHONEOS_DEPLOYMENT_TARGET = 8.0;
				LINK_WITH_STANDARD_LIBRARIES = NO;
				MACH_O_TYPE = mh_object;
				MODULEMAP_FILE = "$(SRCROOT)/ModuleMap/module.modulemap";
				OBJROOT = "$(SYMROOT)";
				ONLY_ACTIVE_ARCH = NO;
				OTHER_CFLAGS = "$(inherited)";
				OTHER_LDFLAGS = "$(inherited)";
				PRECOMPS_INCLUDE_HEADERS_FROM_BUILT_PRODUCTS_DIR = NO;
				PRODUCT_NAME = "$(TARGET_NAME)";
				SDKROOT = iphoneos;
				SKIP_INSTALL = YES;
				SYMROOT = build;
				TARGETED_DEVICE_FAMILY = "1,2";
				VALIDATE_PRODUCT = NO;
				VALID_ARCHS = "arm64 armv7 armv7s i386 x86_64";
				WRAPPER_EXTENSION = framework;
			};
			name = Release;
		};
		0AF1E7391CB7FEFC004B24F1 /* Debug */ = {
			isa = XCBuildConfiguration;
			buildSettings = {
				DEBUG_INFORMATION_FORMAT = dwarf;
				PRODUCT_NAME = "$(TARGET_NAME)";
				SDKROOT = iphoneos;
				SUPPORTED_PLATFORMS = "iphonesimulator iphoneos";
				VALID_ARCHS = "arm64 armv7 armv7s i386 x86_64";
			};
			name = Debug;
		};
		0AF1E73A1CB7FEFC004B24F1 /* Release */ = {
			isa = XCBuildConfiguration;
			buildSettings = {
				DEBUG_INFORMATION_FORMAT = dwarf;
				PRODUCT_NAME = "$(TARGET_NAME)";
				SDKROOT = iphoneos;
				SUPPORTED_PLATFORMS = "iphonesimulator iphoneos";
				VALID_ARCHS = "arm64 armv7 armv7s i386 x86_64";
			};
			name = Release;
		};
/* End XCBuildConfiguration section */

/* Begin XCConfigurationList section */
		0A064A771CB7FB6300A6F6E8 /* Build configuration list for PBXProject "PixpieFramework" */ = {
			isa = XCConfigurationList;
			buildConfigurations = (
				0A064A851CB7FB6300A6F6E8 /* Debug */,
				0A064A861CB7FB6300A6F6E8 /* Release */,
			);
			defaultConfigurationIsVisible = 0;
			defaultConfigurationName = Release;
		};
		0A064A871CB7FB6300A6F6E8 /* Build configuration list for PBXNativeTarget "Pixpie" */ = {
			isa = XCConfigurationList;
			buildConfigurations = (
				0A064A881CB7FB6300A6F6E8 /* Debug */,
				0A064A891CB7FB6300A6F6E8 /* Release */,
			);
			defaultConfigurationIsVisible = 0;
			defaultConfigurationName = Release;
		};
		0AF1E7381CB7FEFC004B24F1 /* Build configuration list for PBXAggregateTarget "Pixpie-Universal" */ = {
			isa = XCConfigurationList;
			buildConfigurations = (
				0AF1E7391CB7FEFC004B24F1 /* Debug */,
				0AF1E73A1CB7FEFC004B24F1 /* Release */,
			);
			defaultConfigurationIsVisible = 0;
			defaultConfigurationName = Release;
		};
/* End XCConfigurationList section */
	};
	rootObject = 0A064A741CB7FB6300A6F6E8 /* Project object */;
}
